
Microsoft Visual Studio Solution File, Format Version 12.00
# Visual Studio Version 17
VisualStudioVersion = 17.9.34723.18
MinimumVisualStudioVersion = 10.0.40219.1
Project("{FAE04EC0-301F-11D3-BF4B-00C04F79EFBC}") = "Ders 8-Yolcu Seyahat", "Ders 8-Yolcu Seyahat\Ders 8-Yolcu Seyahat.csproj", "{26DC9A10-F37B-417F-80FE-F875254414DD}"
EndProject
Global
	GlobalSection(SolutionConfigurationPlatforms) = preSolution
		Debug|Any CPU = Debug|Any CPU
		Release|Any CPU = Release|Any CPU
	EndGlobalSection
	GlobalSection(ProjectConfigurationPlatforms) = postSolution
		{26DC9A10-F37B-417F-80FE-F875254414DD}.Debug|Any CPU.ActiveCfg = Debug|Any CPU
		{26DC9A10-F37B-417F-80FE-F875254414DD}.Debug|Any CPU.Build.0 = Debug|Any CPU
		{26DC9A10-F37B-417F-80FE-F875254414DD}.Release|Any CPU.ActiveCfg = Release|Any CPU
		{26DC9A10-F37B-417F-80FE-F875254414DD}.Release|Any CPU.Build.0 = Release|Any CPU
	EndGlobalSection
	GlobalSection(SolutionProperties) = preSolution
		HideSolutionNode = FALSE
	EndGlobalSection
	GlobalSection(ExtensibilityGlobals) = postSolution
		SolutionGuid = {B84DD799-CFF2-4300-9BC5-6659E7BAAECC}
	EndGlobalSection
EndGlobal
