
Microsoft Visual Studio Solution File, Format Version 12.00
# Visual Studio Version 17
VisualStudioVersion = 17.9.34723.18
MinimumVisualStudioVersion = 10.0.40219.1
Project("{FAE04EC0-301F-11D3-BF4B-00C04F79EFBC}") = "Ders 11-Timer Takım Renklendirme", "Ders 11-Timer Takım Renklendirme\Ders 11-Timer Takım Renklendirme.csproj", "{A66BADB3-6380-460E-A026-BB0F1059652B}"
EndProject
Global
	GlobalSection(SolutionConfigurationPlatforms) = preSolution
		Debug|Any CPU = Debug|Any CPU
		Release|Any CPU = Release|Any CPU
	EndGlobalSection
	GlobalSection(ProjectConfigurationPlatforms) = postSolution
		{A66BADB3-6380-460E-A026-BB0F1059652B}.Debug|Any CPU.ActiveCfg = Debug|Any CPU
		{A66BADB3-6380-460E-A026-BB0F1059652B}.Debug|Any CPU.Build.0 = Debug|Any CPU
		{A66BADB3-6380-460E-A026-BB0F1059652B}.Release|Any CPU.ActiveCfg = Release|Any CPU
		{A66BADB3-6380-460E-A026-BB0F1059652B}.Release|Any CPU.Build.0 = Release|Any CPU
	EndGlobalSection
	GlobalSection(SolutionProperties) = preSolution
		HideSolutionNode = FALSE
	EndGlobalSection
	GlobalSection(ExtensibilityGlobals) = postSolution
		SolutionGuid = {E1D6FCA1-E650-4EEF-A1C2-850194DC0F93}
	EndGlobalSection
EndGlobal
