
Microsoft Visual Studio Solution File, Format Version 12.00
# Visual Studio Version 17
VisualStudioVersion = 17.9.34728.123
MinimumVisualStudioVersion = 10.0.40219.1
Project("{FAE04EC0-301F-11D3-BF4B-00C04F79EFBC}") = "Odev_Makina", "Odev_Makina.csproj", "{0A76F31E-1633-449A-9D0F-29FDE84757F8}"
EndProject
Global
	GlobalSection(SolutionConfigurationPlatforms) = preSolution
		Debug|Any CPU = Debug|Any CPU
		Release|Any CPU = Release|Any CPU
	EndGlobalSection
	GlobalSection(ProjectConfigurationPlatforms) = postSolution
		{0A76F31E-1633-449A-9D0F-29FDE84757F8}.Debug|Any CPU.ActiveCfg = Debug|Any CPU
		{0A76F31E-1633-449A-9D0F-29FDE84757F8}.Debug|Any CPU.Build.0 = Debug|Any CPU
		{0A76F31E-1633-449A-9D0F-29FDE84757F8}.Release|Any CPU.ActiveCfg = Release|Any CPU
		{0A76F31E-1633-449A-9D0F-29FDE84757F8}.Release|Any CPU.Build.0 = Release|Any CPU
	EndGlobalSection
	GlobalSection(SolutionProperties) = preSolution
		HideSolutionNode = FALSE
	EndGlobalSection
	GlobalSection(ExtensibilityGlobals) = postSolution
		SolutionGuid = {62656692-99E4-44F5-999D-CCED579FE7BF}
	EndGlobalSection
EndGlobal
