
Microsoft Visual Studio Solution File, Format Version 12.00
# Visual Studio Version 17
VisualStudioVersion = 17.9.34723.18
MinimumVisualStudioVersion = 10.0.40219.1
Project("{FAE04EC0-301F-11D3-BF4B-00C04F79EFBC}") = "Ders 9-Kronometre", "Ders 9-Kronometre\Ders 9-Kronometre.csproj", "{C5628DA9-E6E0-48CC-B549-EBA6827F546E}"
EndProject
Global
	GlobalSection(SolutionConfigurationPlatforms) = preSolution
		Debug|Any CPU = Debug|Any CPU
		Release|Any CPU = Release|Any CPU
	EndGlobalSection
	GlobalSection(ProjectConfigurationPlatforms) = postSolution
		{C5628DA9-E6E0-48CC-B549-EBA6827F546E}.Debug|Any CPU.ActiveCfg = Debug|Any CPU
		{C5628DA9-E6E0-48CC-B549-EBA6827F546E}.Debug|Any CPU.Build.0 = Debug|Any CPU
		{C5628DA9-E6E0-48CC-B549-EBA6827F546E}.Release|Any CPU.ActiveCfg = Release|Any CPU
		{C5628DA9-E6E0-48CC-B549-EBA6827F546E}.Release|Any CPU.Build.0 = Release|Any CPU
	EndGlobalSection
	GlobalSection(SolutionProperties) = preSolution
		HideSolutionNode = FALSE
	EndGlobalSection
	GlobalSection(ExtensibilityGlobals) = postSolution
		SolutionGuid = {56D9E9CC-DB75-4DDD-873E-8BCB7FF053B6}
	EndGlobalSection
EndGlobal
